// !$*UTF8*$!
{
	archiveVersion = 1;
	classes = {
	};
	objectVersion = 46;
	objects = {

/* Begin PBXBuildFile section */
		2FDDF7FB1F417263004F9FB4 /* main.m in Sources */ = {isa = PBXBuildFile; fileRef = 2FDDF7FA1F417263004F9FB4 /* main.m */; };
		2FDDF8031F4172C6004F9FB4 /* GCDAsyncSocket.m in Sources */ = {isa = PBXBuildFile; fileRef = 2FDDF8021F4172C6004F9FB4 /* GCDAsyncSocket.m */; };
		2FDDF8061F4172DD004F9FB4 /* ServerSocketTool.m in Sources */ = {isa = PBXBuildFile; fileRef = 2FDDF8051F4172DD004F9FB4 /* ServerSocketTool.m */; };
/* End PBXBuildFile section */

/* Begin PBXCopyFilesBuildPhase section */
		2FDDF7F51F417263004F9FB4 /* CopyFiles */ = {
			isa = PBXCopyFilesBuildPhase;
			buildActionMask = 2147483647;
			dstPath = /usr/share/man/man1/;
			dstSubfolderSpec = 0;
			files = (
			);
			runOnlyForDeploymentPostprocessing = 1;
		};
/* End PBXCopyFilesBuildPhase section */

/* Begin PBXFileReference section */
		2FDDF7F71F417263004F9FB4 /* ServerSocket */ = {isa = PBXFileReference; explicitFileType = "compiled.mach-o.executable"; includeInIndex = 0; path = ServerSocket; sourceTree = BUILT_PRODUCTS_DIR; };
		2FDDF7FA1F417263004F9FB4 /* main.m */ = {isa = PBXFileReference; lastKnownFileType = sourcecode.c.objc; path = main.m; sourceTree = "<group>"; };
		2FDDF8011F4172C6004F9FB4 /* GCDAsyncSocket.h */ = {isa = PBXFileReference; fileEncoding = 4; lastKnownFileType = sourcecode.c.h; path = GCDAsyncSocket.h; sourceTree = "<group>"; };
		2FDDF8021F4172C6004F9FB4 /* GCDAsyncSocket.m */ = {isa = PBXFileReference; fileEncoding = 4; lastKnownFileType = sourcecode.c.objc; path = GCDAsyncSocket.m; sourceTree = "<group>"; };
		2FDDF8041F4172DD004F9FB4 /* ServerSocketTool.h */ = {isa = PBXFileReference; fileEncoding = 4; lastKnownFileType = sourcecode.c.h; path = ServerSocketTool.h; sourceTree = "<group>"; };
		2FDDF8051F4172DD004F9FB4 /* ServerSocketTool.m */ = {isa = PBXFileReference; fileEncoding = 4; lastKnownFileType = sourcecode.c.objc; path = ServerSocketTool.m; sourceTree = "<group>"; };
/* End PBXFileReference section */

/* Begin PBXFrameworksBuildPhase section */
		2FDDF7F41F417263004F9FB4 /* Frameworks */ = {
			isa = PBXFrameworksBuildPhase;
			buildActionMask = 2147483647;
			files = (
			);
			runOnlyForDeploymentPostprocessing = 0;
		};
/* End PBXFrameworksBuildPhase section */

/* Begin PBXGroup section */
		2FDDF7EE1F417263004F9FB4 = {
			isa = PBXGroup;
			children = (
				2FDDF7F91F417263004F9FB4 /* ServerSocket */,
				2FDDF7F81F417263004F9FB4 /* Products */,
			);
			sourceTree = "<group>";
		};
		2FDDF7F81F417263004F9FB4 /* Products */ = {
			isa = PBXGroup;
			children = (
				2FDDF7F71F417263004F9FB4 /* ServerSocket */,
			);
			name = Products;
			sourceTree = "<group>";
		};
		2FDDF7F91F417263004F9FB4 /* ServerSocket */ = {
			isa = PBXGroup;
			children = (
				2FDDF8011F4172C6004F9FB4 /* GCDAsyncSocket.h */,
				2FDDF8021F4172C6004F9FB4 /* GCDAsyncSocket.m */,
				2FDDF8041F4172DD004F9FB4 /* ServerSocketTool.h */,
				2FDDF8051F4172DD004F9FB4 /* ServerSocketTool.m */,
				2FDDF7FA1F417263004F9FB4 /* main.m */,
			);
			path = ServerSocket;
			sourceTree = "<group>";
		};
/* End PBXGroup section */

/* Begin PBXNativeTarget section */
		2FDDF7F61F417263004F9FB4 /* ServerSocket */ = {
			isa = PBXNativeTarget;
			buildConfigurationList = 2FDDF7FE1F417263004F9FB4 /* Build configuration list for PBXNativeTarget "ServerSocket" */;
			buildPhases = (
				2FDDF7F31F417263004F9FB4 /* Sources */,
				2FDDF7F41F417263004F9FB4 /* Frameworks */,
				2FDDF7F51F417263004F9FB4 /* CopyFiles */,
			);
			buildRules = (
			);
			dependencies = (
			);
			name = ServerSocket;
			productName = ServerSocket;
			productReference = 2FDDF7F71F417263004F9FB4 /* ServerSocket */;
			productType = "com.apple.product-type.tool";
		};
/* End PBXNativeTarget section */

/* Begin PBXProject section */
		2FDDF7EF1F417263004F9FB4 /* Project object */ = {
			isa = PBXProject;
			attributes = {
				LastUpgradeCheck = 0830;
				ORGANIZATIONNAME = yangrui;
				TargetAttributes = {
					2FDDF7F61F417263004F9FB4 = {
						CreatedOnToolsVersion = 8.3.2;
						ProvisioningStyle = Automatic;
					};
				};
			};
			buildConfigurationList = 2FDDF7F21F417263004F9FB4 /* Build configuration list for PBXProject "ServerSocket" */;
			compatibilityVersion = "Xcode 3.2";
			developmentRegion = English;
			hasScannedForEncodings = 0;
			knownRegions = (
				en,
			);
			mainGroup = 2FDDF7EE1F417263004F9FB4;
			productRefGroup = 2FDDF7F81F417263004F9FB4 /* Products */;
			projectDirPath = "";
			projectRoot = "";
			targets = (
				2FDDF7F61F417263004F9FB4 /* ServerSocket */,
			);
		};
/* End PBXProject section */

/* Begin PBXSourcesBuildPhase section */
		2FDDF7F31F417263004F9FB4 /* Sources */ = {
			isa = PBXSourcesBuildPhase;
			buildActionMask = 2147483647;
			files = (
				2FDDF8061F4172DD004F9FB4 /* ServerSocketTool.m in Sources */,
				2FDDF8031F4172C6004F9FB4 /* GCDAsyncSocket.m in Sources */,
				2FDDF7FB1F417263004F9FB4 /* main.m in Sources */,
			);
			runOnlyForDeploymentPostprocessing = 0;
		};
/* End PBXSourcesBuildPhase section */

/* Begin XCBuildConfiguration section */
		2FDDF7FC1F417263004F9FB4 /* Debug */ = {
			isa = XCBuildConfiguration;
			buildSettings = {
				ALWAYS_SEARCH_USER_PATHS = NO;
				CLANG_ANALYZER_NONNULL = YES;
				CLANG_ANALYZER_NUMBER_OBJECT_CONVERSION = YES_AGGRESSIVE;
				CLANG_CXX_LANGUAGE_STANDARD = "gnu++0x";
				CLANG_CXX_LIBRARY = "libc++";
				CLANG_ENABLE_MODULES = YES;
				CLANG_ENABLE_OBJC_ARC = YES;
				CLANG_WARN_BOOL_CONVERSION = YES;
				CLANG_WARN_CONSTANT_CONVERSION = YES;
				CLANG_WARN_DIRECT_OBJC_ISA_USAGE = YES_ERROR;
				CLANG_WARN_DOCUMENTATION_COMMENTS = YES;
				CLANG_WARN_EMPTY_BODY = YES;
				CLANG_WARN_ENUM_CONVERSION = YES;
				CLANG_WARN_INFINITE_RECURSION = YES;
				CLANG_WARN_INT_CONVERSION = YES;
				CLANG_WARN_OBJC_ROOT_CLASS = YES_ERROR;
				CLANG_WARN_SUSPICIOUS_MOVE = YES;
				CLANG_WARN_UNREACHABLE_CODE = YES;
				CLANG_WARN__DUPLICATE_METHOD_MATCH = YES;
				CODE_SIGN_IDENTITY = "-";
				COPY_PHASE_STRIP = NO;
				DEBUG_INFORMATION_FORMAT = dwarf;
				ENABLE_STRICT_OBJC_MSGSEND = YES;
				ENABLE_TESTABILITY = YES;
				GCC_C_LANGUAGE_STANDARD = gnu99;
				GCC_DYNAMIC_NO_PIC = NO;
				GCC_NO_COMMON_BLOCKS = YES;
				GCC_OPTIMIZATION_LEVEL = 0;
				GCC_PREPROCESSOR_DEFINITIONS = (
					"DEBUG=1",
					"$(inherited)",
				);
				GCC_WARN_64_TO_32_BIT_CONVERSION = YES;
				GCC_WARN_ABOUT_RETURN_TYPE = YES_ERROR;
				GCC_WARN_UNDECLARED_SELECTOR = YES;
				GCC_WARN_UNINITIALIZED_AUTOS = YES_AGGRESSIVE;
				GCC_WARN_UNUSED_FUNCTION = YES;
				GCC_WARN_UNUSED_VARIABLE = YES;
				MACOSX_DEPLOYMENT_TARGET = 10.12;
				MTL_ENABLE_DEBUG_INFO = YES;
				ONLY_ACTIVE_ARCH = YES;
				SDKROOT = macosx;
			};
			name = Debug;
		};
		2FDDF7FD1F417263004F9FB4 /* Release */ = {
			isa = XCBuildConfiguration;
			buildSettings = {
				ALWAYS_SEARCH_USER_PATHS = NO;
				CLANG_ANALYZER_NONNULL = YES;
				CLANG_ANALYZER_NUMBER_OBJECT_CONVERSION = YES_AGGRESSIVE;
				CLANG_CXX_LANGUAGE_STANDARD = "gnu++0x";
				CLANG_CXX_LIBRARY = "libc++";
				CLANG_ENABLE_MODULES = YES;
				CLANG_ENABLE_OBJC_ARC = YES;
				CLANG_WARN_BOOL_CONVERSION = YES;
				CLANG_WARN_CONSTANT_CONVERSION = YES;
				CLANG_WARN_DIRECT_OBJC_ISA_USAGE = YES_ERROR;
				CLANG_WARN_DOCUMENTATION_COMMENTS = YES;
				CLANG_WARN_EMPTY_BODY = YES;
				CLANG_WARN_ENUM_CONVERSION = YES;
				CLANG_WARN_INFINITE_RECURSION = YES;
				CLANG_WARN_INT_CONVERSION = YES;
				CLANG_WARN_OBJC_ROOT_CLASS = YES_ERROR;
				CLANG_WARN_SUSPICIOUS_MOVE = YES;
				CLANG_WARN_UNREACHABLE_CODE = YES;
				CLANG_WARN__DUPLICATE_METHOD_MATCH = YES;
				CODE_SIGN_IDENTITY = "-";
				COPY_PHASE_STRIP = NO;
				DEBUG_INFORMATION_FORMAT = "dwarf-with-dsym";
				ENABLE_NS_ASSERTIONS = NO;
				ENABLE_STRICT_OBJC_MSGSEND = YES;
				GCC_C_LANGUAGE_STANDARD = gnu99;
				GCC_NO_COMMON_BLOCKS = YES;
				GCC_WARN_64_TO_32_BIT_CONVERSION = YES;
				GCC_WARN_ABOUT_RETURN_TYPE = YES_ERROR;
				GCC_WARN_UNDECLARED_SELECTOR = YES;
				GCC_WARN_UNINITIALIZED_AUTOS = YES_AGGRESSIVE;
				GCC_WARN_UNUSED_FUNCTION = YES;
				GCC_WARN_UNUSED_VARIABLE = YES;
				MACOSX_DEPLOYMENT_TARGET = 10.12;
				MTL_ENABLE_DEBUG_INFO = NO;
				SDKROOT = macosx;
			};
			name = Release;
		};
		2FDDF7FF1F417263004F9FB4 /* Debug */ = {
			isa = XCBuildConfiguration;
			buildSettings = {
				PRODUCT_NAME = "$(TARGET_NAME)";
			};
			name = Debug;
		};
		2FDDF8001F417263004F9FB4 /* Release */ = {
			isa = XCBuildConfiguration;
			buildSettings = {
				PRODUCT_NAME = "$(TARGET_NAME)";
			};
			name = Release;
		};
/* End XCBuildConfiguration section */

/* Begin XCConfigurationList section */
		2FDDF7F21F417263004F9FB4 /* Build configuration list for PBXProject "ServerSocket" */ = {
			isa = XCConfigurationList;
			buildConfigurations = (
				2FDDF7FC1F417263004F9FB4 /* Debug */,
				2FDDF7FD1F417263004F9FB4 /* Release */,
			);
			defaultConfigurationIsVisible = 0;
			defaultConfigurationName = Release;
		};
		2FDDF7FE1F417263004F9FB4 /* Build configuration list for PBXNativeTarget "ServerSocket" */ = {
			isa = XCConfigurationList;
			buildConfigurations = (
				2FDDF7FF1F417263004F9FB4 /* Debug */,
				2FDDF8001F417263004F9FB4 /* Release */,
			);
			defaultConfigurationIsVisible = 0;
		};
/* End XCConfigurationList section */
	};
	rootObject = 2FDDF7EF1F417263004F9FB4 /* Project object */;
}
